
Microsoft Visual Studio Solution File, Format Version 12.00
# Visual Studio 15
VisualStudioVersion = 15.0.28010.2026
MinimumVisualStudioVersion = 10.0.40219.1
Project("{8BC9CEB8-8B4A-11D0-8D11-00A0C91BC942}") = "quantframe", "quantframe\quantframe.vcxproj", "{BD88A1F7-0F2C-425A-ADD8-5A8F7C9EF01E}"
EndProject
Project("{8BC9CEB8-8B4A-11D0-8D11-00A0C91BC942}") = "optim", "optim\optim.vcxproj", "{08F5426C-0653-4B70-8EE2-62271AE17D8E}"
EndProject
Project("{8BC9CEB8-8B4A-11D0-8D11-00A0C91BC942}") = "time", "time\time.vcxproj", "{66845D8E-FBFA-467A-AA4D-8EA9112E6980}"
EndProject
Project("{8BC9CEB8-8B4A-11D0-8D11-00A0C91BC942}") = "pricing", "pricing\pricing.vcxproj", "{B66B63D8-0C77-44EF-82E6-B0471EBB35C9}"
EndProject
Project("{8BC9CEB8-8B4A-11D0-8D11-00A0C91BC942}") = "creditpricers", "creditpricers\creditpricers.vcxproj", "{F953E592-E852-44F6-A13C-6786D77F4CAF}"
EndProject
Project("{8BC9CEB8-8B4A-11D0-8D11-00A0C91BC942}") = "yield", "yield\yield.vcxproj", "{AC6876B6-C164-4A1B-ABCD-D8E98149329A}"
EndProject
Project("{8BC9CEB8-8B4A-11D0-8D11-00A0C91BC942}") = "instrument", "instrument\instrument.vcxproj", "{1881B6E3-093C-4252-B359-56A588D8BAD2}"
EndProject
Global
	GlobalSection(SolutionConfigurationPlatforms) = preSolution
		Debug|x64 = Debug|x64
		Debug|x86 = Debug|x86
		Release|x64 = Release|x64
		Release|x86 = Release|x86
	EndGlobalSection
	GlobalSection(ProjectConfigurationPlatforms) = postSolution
		{BD88A1F7-0F2C-425A-ADD8-5A8F7C9EF01E}.Debug|x64.ActiveCfg = Debug|x64
		{BD88A1F7-0F2C-425A-ADD8-5A8F7C9EF01E}.Debug|x64.Build.0 = Debug|x64
		{BD88A1F7-0F2C-425A-ADD8-5A8F7C9EF01E}.Debug|x86.ActiveCfg = Debug|Win32
		{BD88A1F7-0F2C-425A-ADD8-5A8F7C9EF01E}.Debug|x86.Build.0 = Debug|Win32
		{BD88A1F7-0F2C-425A-ADD8-5A8F7C9EF01E}.Release|x64.ActiveCfg = Release|x64
		{BD88A1F7-0F2C-425A-ADD8-5A8F7C9EF01E}.Release|x64.Build.0 = Release|x64
		{BD88A1F7-0F2C-425A-ADD8-5A8F7C9EF01E}.Release|x86.ActiveCfg = Release|Win32
		{BD88A1F7-0F2C-425A-ADD8-5A8F7C9EF01E}.Release|x86.Build.0 = Release|Win32
		{08F5426C-0653-4B70-8EE2-62271AE17D8E}.Debug|x64.ActiveCfg = Debug|x64
		{08F5426C-0653-4B70-8EE2-62271AE17D8E}.Debug|x64.Build.0 = Debug|x64
		{08F5426C-0653-4B70-8EE2-62271AE17D8E}.Debug|x86.ActiveCfg = Debug|Win32
		{08F5426C-0653-4B70-8EE2-62271AE17D8E}.Debug|x86.Build.0 = Debug|Win32
		{08F5426C-0653-4B70-8EE2-62271AE17D8E}.Release|x64.ActiveCfg = Release|x64
		{08F5426C-0653-4B70-8EE2-62271AE17D8E}.Release|x64.Build.0 = Release|x64
		{08F5426C-0653-4B70-8EE2-62271AE17D8E}.Release|x86.ActiveCfg = Release|Win32
		{08F5426C-0653-4B70-8EE2-62271AE17D8E}.Release|x86.Build.0 = Release|Win32
		{66845D8E-FBFA-467A-AA4D-8EA9112E6980}.Debug|x64.ActiveCfg = Debug|x64
		{66845D8E-FBFA-467A-AA4D-8EA9112E6980}.Debug|x64.Build.0 = Debug|x64
		{66845D8E-FBFA-467A-AA4D-8EA9112E6980}.Debug|x86.ActiveCfg = Debug|Win32
		{66845D8E-FBFA-467A-AA4D-8EA9112E6980}.Debug|x86.Build.0 = Debug|Win32
		{66845D8E-FBFA-467A-AA4D-8EA9112E6980}.Release|x64.ActiveCfg = Release|x64
		{66845D8E-FBFA-467A-AA4D-8EA9112E6980}.Release|x64.Build.0 = Release|x64
		{66845D8E-FBFA-467A-AA4D-8EA9112E6980}.Release|x86.ActiveCfg = Release|Win32
		{66845D8E-FBFA-467A-AA4D-8EA9112E6980}.Release|x86.Build.0 = Release|Win32
		{B66B63D8-0C77-44EF-82E6-B0471EBB35C9}.Debug|x64.ActiveCfg = Debug|x64
		{B66B63D8-0C77-44EF-82E6-B0471EBB35C9}.Debug|x64.Build.0 = Debug|x64
		{B66B63D8-0C77-44EF-82E6-B0471EBB35C9}.Debug|x86.ActiveCfg = Debug|Win32
		{B66B63D8-0C77-44EF-82E6-B0471EBB35C9}.Debug|x86.Build.0 = Debug|Win32
		{B66B63D8-0C77-44EF-82E6-B0471EBB35C9}.Release|x64.ActiveCfg = Release|x64
		{B66B63D8-0C77-44EF-82E6-B0471EBB35C9}.Release|x64.Build.0 = Release|x64
		{B66B63D8-0C77-44EF-82E6-B0471EBB35C9}.Release|x86.ActiveCfg = Release|Win32
		{B66B63D8-0C77-44EF-82E6-B0471EBB35C9}.Release|x86.Build.0 = Release|Win32
		{F953E592-E852-44F6-A13C-6786D77F4CAF}.Debug|x64.ActiveCfg = Debug|x64
		{F953E592-E852-44F6-A13C-6786D77F4CAF}.Debug|x64.Build.0 = Debug|x64
		{F953E592-E852-44F6-A13C-6786D77F4CAF}.Debug|x86.ActiveCfg = Debug|Win32
		{F953E592-E852-44F6-A13C-6786D77F4CAF}.Debug|x86.Build.0 = Debug|Win32
		{F953E592-E852-44F6-A13C-6786D77F4CAF}.Release|x64.ActiveCfg = Release|x64
		{F953E592-E852-44F6-A13C-6786D77F4CAF}.Release|x64.Build.0 = Release|x64
		{F953E592-E852-44F6-A13C-6786D77F4CAF}.Release|x86.ActiveCfg = Release|Win32
		{F953E592-E852-44F6-A13C-6786D77F4CAF}.Release|x86.Build.0 = Release|Win32
		{AC6876B6-C164-4A1B-ABCD-D8E98149329A}.Debug|x64.ActiveCfg = Debug|x64
		{AC6876B6-C164-4A1B-ABCD-D8E98149329A}.Debug|x64.Build.0 = Debug|x64
		{AC6876B6-C164-4A1B-ABCD-D8E98149329A}.Debug|x86.ActiveCfg = Debug|Win32
		{AC6876B6-C164-4A1B-ABCD-D8E98149329A}.Debug|x86.Build.0 = Debug|Win32
		{AC6876B6-C164-4A1B-ABCD-D8E98149329A}.Release|x64.ActiveCfg = Release|x64
		{AC6876B6-C164-4A1B-ABCD-D8E98149329A}.Release|x64.Build.0 = Release|x64
		{AC6876B6-C164-4A1B-ABCD-D8E98149329A}.Release|x86.ActiveCfg = Release|Win32
		{AC6876B6-C164-4A1B-ABCD-D8E98149329A}.Release|x86.Build.0 = Release|Win32
		{1881B6E3-093C-4252-B359-56A588D8BAD2}.Debug|x64.ActiveCfg = Debug|x64
		{1881B6E3-093C-4252-B359-56A588D8BAD2}.Debug|x64.Build.0 = Debug|x64
		{1881B6E3-093C-4252-B359-56A588D8BAD2}.Debug|x86.ActiveCfg = Debug|Win32
		{1881B6E3-093C-4252-B359-56A588D8BAD2}.Debug|x86.Build.0 = Debug|Win32
		{1881B6E3-093C-4252-B359-56A588D8BAD2}.Release|x64.ActiveCfg = Release|x64
		{1881B6E3-093C-4252-B359-56A588D8BAD2}.Release|x64.Build.0 = Release|x64
		{1881B6E3-093C-4252-B359-56A588D8BAD2}.Release|x86.ActiveCfg = Release|Win32
		{1881B6E3-093C-4252-B359-56A588D8BAD2}.Release|x86.Build.0 = Release|Win32
	EndGlobalSection
	GlobalSection(SolutionProperties) = preSolution
		HideSolutionNode = FALSE
	EndGlobalSection
	GlobalSection(ExtensibilityGlobals) = postSolution
		SolutionGuid = {7002A052-7D46-45D2-9FBF-BA84CC177264}
	EndGlobalSection
EndGlobal
